// !$*UTF8*$!
{
	archiveVersion = 1;
	classes = {
	};
	objectVersion = 46;
	objects = {

/* Begin PBXFileReference section */
		EFE7E5631EBED86800620F92 /* index.html */ = {isa = PBXFileReference; lastKnownFileType = text.html; path = index.html; sourceTree = "<group>"; };
		EFE7E5641EBED91000620F92 /* style.css */ = {isa = PBXFileReference; lastKnownFileType = text.css; path = style.css; sourceTree = "<group>"; };
		EFE7E5651EBEEA9D00620F92 /* blog.html */ = {isa = PBXFileReference; lastKnownFileType = text.html; path = blog.html; sourceTree = "<group>"; };
		EFEE70961EDC0751007E9BFE /* snakes.html */ = {isa = PBXFileReference; lastKnownFileType = text.html; path = snakes.html; sourceTree = "<group>"; };
/* End PBXFileReference section */

/* Begin PBXGroup section */
		EFE7E55C1EBED82E00620F92 = {
			isa = PBXGroup;
			children = (
				EFE7E5631EBED86800620F92 /* index.html */,
				EFE7E5641EBED91000620F92 /* style.css */,
				EFE7E5651EBEEA9D00620F92 /* blog.html */,
				EFEE70961EDC0751007E9BFE /* snakes.html */,
			);
			sourceTree = "<group>";
		};
/* End PBXGroup section */

/* Begin PBXProject section */
		EFE7E55D1EBED82E00620F92 /* Project object */ = {
			isa = PBXProject;
			attributes = {
				LastUpgradeCheck = 0720;
			};
			buildConfigurationList = EFE7E5601EBED82E00620F92 /* Build configuration list for PBXProject "HTML" */;
			compatibilityVersion = "Xcode 3.2";
			developmentRegion = English;
			hasScannedForEncodings = 0;
			knownRegions = (
				en,
			);
			mainGroup = EFE7E55C1EBED82E00620F92;
			projectDirPath = "";
			projectRoot = "";
			targets = (
			);
		};
/* End PBXProject section */

/* Begin XCBuildConfiguration section */
		EFE7E5611EBED82E00620F92 /* Debug */ = {
			isa = XCBuildConfiguration;
			buildSettings = {
			};
			name = Debug;
		};
		EFE7E5621EBED82E00620F92 /* Release */ = {
			isa = XCBuildConfiguration;
			buildSettings = {
			};
			name = Release;
		};
/* End XCBuildConfiguration section */

/* Begin XCConfigurationList section */
		EFE7E5601EBED82E00620F92 /* Build configuration list for PBXProject "HTML" */ = {
			isa = XCConfigurationList;
			buildConfigurations = (
				EFE7E5611EBED82E00620F92 /* Debug */,
				EFE7E5621EBED82E00620F92 /* Release */,
			);
			defaultConfigurationIsVisible = 0;
			defaultConfigurationName = Release;
		};
/* End XCConfigurationList section */
	};
	rootObject = EFE7E55D1EBED82E00620F92 /* Project object */;
}
